
Microsoft Visual Studio Solution File, Format Version 12.00
# Visual Studio Version 17
VisualStudioVersion = 17.5.002.0
MinimumVisualStudioVersion = 10.0.40219.1
Project("{9A19103F-16F7-4668-BE54-9A1E7A4F7556}") = "Yale.Benchmarks", "Yale.Benchmarks.csproj", "{1E48F4F1-D195-4EE8-93AC-1EB1BBA76473}"
EndProject
Project("{2150E333-8FDC-42A3-9474-1A3956D46DE8}") = "bin", "bin", "{CF83D110-27B7-4087-8277-CC6708E94684}"
EndProject
Project("{2150E333-8FDC-42A3-9474-1A3956D46DE8}") = "Release", "Release", "{EF2577C5-7040-4DC9-934D-72FF11A9514C}"
EndProject
Project("{2150E333-8FDC-42A3-9474-1A3956D46DE8}") = "net6.0", "net6.0", "{E2DF9B12-D895-4008-AF7E-656737A9784B}"
EndProject
Project("{9A19103F-16F7-4668-BE54-9A1E7A4F7556}") = "BenchmarkDotNet.Autogenerated", "bin\Release\net6.0\4a32f059-56d4-445e-b12b-913f1d003d70\BenchmarkDotNet.Autogenerated.csproj", "{8D6FBA3A-854F-40A4-8CA9-B0DA05113FC9}"
EndProject
Project("{9A19103F-16F7-4668-BE54-9A1E7A4F7556}") = "BenchmarkDotNet.Autogenerated (1)", "bin\Release\net6.0\4f8126fb-383d-45ac-a238-03c52cc163aa\BenchmarkDotNet.Autogenerated.csproj", "{B03C022A-7EB6-4404-830C-4FC36E89A4FC}"
EndProject
Project("{9A19103F-16F7-4668-BE54-9A1E7A4F7556}") = "BenchmarkDotNet.Autogenerated (2)", "bin\Release\net6.0\DefaultJob\BenchmarkDotNet.Autogenerated.csproj", "{89FDE84E-8832-4704-ADE3-028308391F0A}"
EndProject
Global
	GlobalSection(SolutionConfigurationPlatforms) = preSolution
		Debug|Any CPU = Debug|Any CPU
		Release|Any CPU = Release|Any CPU
	EndGlobalSection
	GlobalSection(ProjectConfigurationPlatforms) = postSolution
		{1E48F4F1-D195-4EE8-93AC-1EB1BBA76473}.Debug|Any CPU.ActiveCfg = Debug|Any CPU
		{1E48F4F1-D195-4EE8-93AC-1EB1BBA76473}.Debug|Any CPU.Build.0 = Debug|Any CPU
		{1E48F4F1-D195-4EE8-93AC-1EB1BBA76473}.Release|Any CPU.ActiveCfg = Release|Any CPU
		{1E48F4F1-D195-4EE8-93AC-1EB1BBA76473}.Release|Any CPU.Build.0 = Release|Any CPU
		{8D6FBA3A-854F-40A4-8CA9-B0DA05113FC9}.Debug|Any CPU.ActiveCfg = Debug|Any CPU
		{8D6FBA3A-854F-40A4-8CA9-B0DA05113FC9}.Debug|Any CPU.Build.0 = Debug|Any CPU
		{8D6FBA3A-854F-40A4-8CA9-B0DA05113FC9}.Release|Any CPU.ActiveCfg = Release|Any CPU
		{8D6FBA3A-854F-40A4-8CA9-B0DA05113FC9}.Release|Any CPU.Build.0 = Release|Any CPU
		{B03C022A-7EB6-4404-830C-4FC36E89A4FC}.Debug|Any CPU.ActiveCfg = Debug|Any CPU
		{B03C022A-7EB6-4404-830C-4FC36E89A4FC}.Debug|Any CPU.Build.0 = Debug|Any CPU
		{B03C022A-7EB6-4404-830C-4FC36E89A4FC}.Release|Any CPU.ActiveCfg = Release|Any CPU
		{B03C022A-7EB6-4404-830C-4FC36E89A4FC}.Release|Any CPU.Build.0 = Release|Any CPU
		{89FDE84E-8832-4704-ADE3-028308391F0A}.Debug|Any CPU.ActiveCfg = Debug|Any CPU
		{89FDE84E-8832-4704-ADE3-028308391F0A}.Debug|Any CPU.Build.0 = Debug|Any CPU
		{89FDE84E-8832-4704-ADE3-028308391F0A}.Release|Any CPU.ActiveCfg = Release|Any CPU
		{89FDE84E-8832-4704-ADE3-028308391F0A}.Release|Any CPU.Build.0 = Release|Any CPU
	EndGlobalSection
	GlobalSection(SolutionProperties) = preSolution
		HideSolutionNode = FALSE
	EndGlobalSection
	GlobalSection(NestedProjects) = preSolution
		{EF2577C5-7040-4DC9-934D-72FF11A9514C} = {CF83D110-27B7-4087-8277-CC6708E94684}
		{E2DF9B12-D895-4008-AF7E-656737A9784B} = {EF2577C5-7040-4DC9-934D-72FF11A9514C}
		{8D6FBA3A-854F-40A4-8CA9-B0DA05113FC9} = {E2DF9B12-D895-4008-AF7E-656737A9784B}
		{B03C022A-7EB6-4404-830C-4FC36E89A4FC} = {E2DF9B12-D895-4008-AF7E-656737A9784B}
		{89FDE84E-8832-4704-ADE3-028308391F0A} = {E2DF9B12-D895-4008-AF7E-656737A9784B}
	EndGlobalSection
	GlobalSection(ExtensibilityGlobals) = postSolution
		SolutionGuid = {0BC07935-D122-44A5-9CDE-FF72D2C31595}
	EndGlobalSection
EndGlobal
