
Microsoft Visual Studio Solution File, Format Version 12.00
# Visual Studio Version 17
VisualStudioVersion = 17.5.002.0
MinimumVisualStudioVersion = 10.0.40219.1
Project("{9A19103F-16F7-4668-BE54-9A1E7A4F7556}") = "Yale.Tests", "Yale.Tests.csproj", "{E313ED22-1942-416D-8158-A49CBA1BA288}"
EndProject
Global
	GlobalSection(SolutionConfigurationPlatforms) = preSolution
		Debug|Any CPU = Debug|Any CPU
		Release|Any CPU = Release|Any CPU
	EndGlobalSection
	GlobalSection(ProjectConfigurationPlatforms) = postSolution
		{E313ED22-1942-416D-8158-A49CBA1BA288}.Debug|Any CPU.ActiveCfg = Debug|Any CPU
		{E313ED22-1942-416D-8158-A49CBA1BA288}.Debug|Any CPU.Build.0 = Debug|Any CPU
		{E313ED22-1942-416D-8158-A49CBA1BA288}.Release|Any CPU.ActiveCfg = Release|Any CPU
		{E313ED22-1942-416D-8158-A49CBA1BA288}.Release|Any CPU.Build.0 = Release|Any CPU
	EndGlobalSection
	GlobalSection(SolutionProperties) = preSolution
		HideSolutionNode = FALSE
	EndGlobalSection
	GlobalSection(ExtensibilityGlobals) = postSolution
		SolutionGuid = {8B112EB2-58BF-448F-91F4-D2C7C882A835}
	EndGlobalSection
EndGlobal
